
Microsoft Visual Studio Solution File, Format Version 12.00
# Visual Studio Version 16
VisualStudioVersion = 16.0.30002.166
MinimumVisualStudioVersion = 10.0.40219.1
Project("{FAE04EC0-301F-11D3-BF4B-00C04F79EFBC}") = "Activity0801_Sorting_Filtering_Paging", "Activity0801_Sorting_Filtering_Paging\Activity0801_Sorting_Filtering_Paging.csproj", "{D55D286D-47C7-4822-8D47-CC0E83DDC5E4}"
EndProject
Project("{9A19103F-16F7-4668-BE54-9A1E7A4F7556}") = "EF_Activity001", "EF_Activity001\EF_Activity001.csproj", "{51356562-91C5-4A7F-AA40-157C15FC8D70}"
EndProject
Project("{9A19103F-16F7-4668-BE54-9A1E7A4F7556}") = "InventoryHelpers", "InventoryHelpers\InventoryHelpers.csproj", "{BFF74238-9AD6-454C-80B5-F5D0B07C4532}"
EndProject
Global
	GlobalSection(SolutionConfigurationPlatforms) = preSolution
		Debug|Any CPU = Debug|Any CPU
		Release|Any CPU = Release|Any CPU
	EndGlobalSection
	GlobalSection(ProjectConfigurationPlatforms) = postSolution
		{D55D286D-47C7-4822-8D47-CC0E83DDC5E4}.Debug|Any CPU.ActiveCfg = Debug|Any CPU
		{D55D286D-47C7-4822-8D47-CC0E83DDC5E4}.Debug|Any CPU.Build.0 = Debug|Any CPU
		{D55D286D-47C7-4822-8D47-CC0E83DDC5E4}.Release|Any CPU.ActiveCfg = Release|Any CPU
		{D55D286D-47C7-4822-8D47-CC0E83DDC5E4}.Release|Any CPU.Build.0 = Release|Any CPU
		{51356562-91C5-4A7F-AA40-157C15FC8D70}.Debug|Any CPU.ActiveCfg = Debug|Any CPU
		{51356562-91C5-4A7F-AA40-157C15FC8D70}.Debug|Any CPU.Build.0 = Debug|Any CPU
		{51356562-91C5-4A7F-AA40-157C15FC8D70}.Release|Any CPU.ActiveCfg = Release|Any CPU
		{51356562-91C5-4A7F-AA40-157C15FC8D70}.Release|Any CPU.Build.0 = Release|Any CPU
		{BFF74238-9AD6-454C-80B5-F5D0B07C4532}.Debug|Any CPU.ActiveCfg = Debug|Any CPU
		{BFF74238-9AD6-454C-80B5-F5D0B07C4532}.Debug|Any CPU.Build.0 = Debug|Any CPU
		{BFF74238-9AD6-454C-80B5-F5D0B07C4532}.Release|Any CPU.ActiveCfg = Release|Any CPU
		{BFF74238-9AD6-454C-80B5-F5D0B07C4532}.Release|Any CPU.Build.0 = Release|Any CPU
	EndGlobalSection
	GlobalSection(SolutionProperties) = preSolution
		HideSolutionNode = FALSE
	EndGlobalSection
	GlobalSection(ExtensibilityGlobals) = postSolution
		SolutionGuid = {1D1D70DD-D236-4DCE-983A-08283EA70C50}
	EndGlobalSection
EndGlobal
